// !$*UTF8*$!
{
	archiveVersion = 1;
	classes = {
	};
	objectVersion = 50;
	objects = {

/* Begin PBXBuildFile section */
		4F0AEBCF21ACE72000B05CDB /* AppDelegate.swift in Sources */ = {isa = PBXBuildFile; fileRef = 4F0AEBCE21ACE72000B05CDB /* AppDelegate.swift */; };
		4F0AEBD121ACE72000B05CDB /* ViewController.swift in Sources */ = {isa = PBXBuildFile; fileRef = 4F0AEBD021ACE72000B05CDB /* ViewController.swift */; };
		4F0AEBD421ACE72000B05CDB /* Main.storyboard in Resources */ = {isa = PBXBuildFile; fileRef = 4F0AEBD221ACE72000B05CDB /* Main.storyboard */; };
		4F0AEBD621ACE72100B05CDB /* Assets.xcassets in Resources */ = {isa = PBXBuildFile; fileRef = 4F0AEBD521ACE72100B05CDB /* Assets.xcassets */; };
		4F0AEBD921ACE72100B05CDB /* LaunchScreen.storyboard in Resources */ = {isa = PBXBuildFile; fileRef = 4F0AEBD721ACE72100B05CDB /* LaunchScreen.storyboard */; };
		4F0AEBDE21ACE72100B05CDB /* WatchClock3 WatchKit App.app in Embed Watch Content */ = {isa = PBXBuildFile; fileRef = 4F0AEBDD21ACE72100B05CDB /* WatchClock3 WatchKit App.app */; };
		4F0AEBE421ACE72100B05CDB /* Interface.storyboard in Resources */ = {isa = PBXBuildFile; fileRef = 4F0AEBE221ACE72100B05CDB /* Interface.storyboard */; };
		4F0AEBE621ACE72200B05CDB /* Assets.xcassets in Resources */ = {isa = PBXBuildFile; fileRef = 4F0AEBE521ACE72200B05CDB /* Assets.xcassets */; };
		4F0AEBED21ACE72200B05CDB /* WatchClock3 WatchKit Extension.appex in Embed App Extensions */ = {isa = PBXBuildFile; fileRef = 4F0AEBEC21ACE72200B05CDB /* WatchClock3 WatchKit Extension.appex */; settings = {ATTRIBUTES = (RemoveHeadersOnCopy, ); }; };
		4F0AEBF221ACE72200B05CDB /* InterfaceController.swift in Sources */ = {isa = PBXBuildFile; fileRef = 4F0AEBF121ACE72200B05CDB /* InterfaceController.swift */; };
		4F0AEBF421ACE72200B05CDB /* ExtensionDelegate.swift in Sources */ = {isa = PBXBuildFile; fileRef = 4F0AEBF321ACE72200B05CDB /* ExtensionDelegate.swift */; };
		4F0AEBF621ACE72200B05CDB /* Assets.xcassets in Resources */ = {isa = PBXBuildFile; fileRef = 4F0AEBF521ACE72200B05CDB /* Assets.xcassets */; };
		4F0AEC0B21ACEBE300B05CDB /* WatchManagerViewControl.swift in Sources */ = {isa = PBXBuildFile; fileRef = 4F0AEC0A21ACEBE300B05CDB /* WatchManagerViewControl.swift */; };
		4F0AEC0D21ACED8300B05CDB /* WatchLayer.swift in Sources */ = {isa = PBXBuildFile; fileRef = 4F0AEC0C21ACED8300B05CDB /* WatchLayer.swift */; };
		4F153F8D21B2E15F003E58E9 /* TextLayer.swift in Sources */ = {isa = PBXBuildFile; fileRef = 4F153F8C21B2E15F003E58E9 /* TextLayer.swift */; };
		4F153F8E21B2E15F003E58E9 /* TextLayer.swift in Sources */ = {isa = PBXBuildFile; fileRef = 4F153F8C21B2E15F003E58E9 /* TextLayer.swift */; };
		4F153F9521B2E7D3003E58E9 /* LayerStory.storyboard in Resources */ = {isa = PBXBuildFile; fileRef = 4F153F9321B2E7D3003E58E9 /* LayerStory.storyboard */; };
		4F2C9FBF21B66CCF000A2FB3 /* MagicParticle.sks in Resources */ = {isa = PBXBuildFile; fileRef = 4F2C9FBE21B66CCF000A2FB3 /* MagicParticle.sks */; };
		4F2C9FC021B66CCF000A2FB3 /* MagicParticle.sks in Resources */ = {isa = PBXBuildFile; fileRef = 4F2C9FBE21B66CCF000A2FB3 /* MagicParticle.sks */; };
		4F2C9FC221B66F56000A2FB3 /* MagicLayer.swift in Sources */ = {isa = PBXBuildFile; fileRef = 4F2C9FC121B66F56000A2FB3 /* MagicLayer.swift */; };
		4F2C9FC321B66F56000A2FB3 /* MagicLayer.swift in Sources */ = {isa = PBXBuildFile; fileRef = 4F2C9FC121B66F56000A2FB3 /* MagicLayer.swift */; };
		4F2C9FC821B67465000A2FB3 /* RainParticle.sks in Resources */ = {isa = PBXBuildFile; fileRef = 4F2C9FC721B67465000A2FB3 /* RainParticle.sks */; };
		4F2C9FC921B67465000A2FB3 /* RainParticle.sks in Resources */ = {isa = PBXBuildFile; fileRef = 4F2C9FC721B67465000A2FB3 /* RainParticle.sks */; };
		4F5B524C21B1A03000A0039A /* WatchManager.swift in Sources */ = {isa = PBXBuildFile; fileRef = 4F5B524B21B1A03000A0039A /* WatchManager.swift */; };
		4F5B524D21B1A03000A0039A /* WatchManager.swift in Sources */ = {isa = PBXBuildFile; fileRef = 4F5B524B21B1A03000A0039A /* WatchManager.swift */; };
		4F5D336521B231550000B47A /* WatchSettings.swift in Sources */ = {isa = PBXBuildFile; fileRef = 4F5D336421B231550000B47A /* WatchSettings.swift */; };
		4F5D336621B231550000B47A /* WatchSettings.swift in Sources */ = {isa = PBXBuildFile; fileRef = 4F5D336421B231550000B47A /* WatchSettings.swift */; };
		4F5D336821B26A340000B47A /* ColorSelectViewControl.swift in Sources */ = {isa = PBXBuildFile; fileRef = 4F5D336721B26A340000B47A /* ColorSelectViewControl.swift */; };
		4F5D336A21B26AD80000B47A /* WatchSetupViewControl.swift in Sources */ = {isa = PBXBuildFile; fileRef = 4F5D336921B26AD80000B47A /* WatchSetupViewControl.swift */; };
		4F5D336C21B288630000B47A /* TickMarkLayer.swift in Sources */ = {isa = PBXBuildFile; fileRef = 4F5D336B21B288630000B47A /* TickMarkLayer.swift */; };
		4F5D336D21B288630000B47A /* TickMarkLayer.swift in Sources */ = {isa = PBXBuildFile; fileRef = 4F5D336B21B288630000B47A /* TickMarkLayer.swift */; };
		4F5D336F21B2ABAB0000B47A /* TickMarkLayerViewControl.swift in Sources */ = {isa = PBXBuildFile; fileRef = 4F5D336E21B2ABAB0000B47A /* TickMarkLayerViewControl.swift */; };
		4F6444AA21ACF2A600693CC0 /* FaceScene.sks in Resources */ = {isa = PBXBuildFile; fileRef = 4F6444A921ACF2A600693CC0 /* FaceScene.sks */; };
		4F6444AB21ACF2A600693CC0 /* FaceScene.sks in Resources */ = {isa = PBXBuildFile; fileRef = 4F6444A921ACF2A600693CC0 /* FaceScene.sks */; };
		4F712FC021AFF30F0003C1FF /* watchimage.json in Resources */ = {isa = PBXBuildFile; fileRef = 4FE9341921AFE60300625C10 /* watchimage.json */; };
		4F712FC121AFF3E20003C1FF /* Assets.xcassets in Resources */ = {isa = PBXBuildFile; fileRef = 4F0AEBF521ACE72200B05CDB /* Assets.xcassets */; };
		4F712FC321AFFA170003C1FF /* LayerManagerViewControl.swift in Sources */ = {isa = PBXBuildFile; fileRef = 4F712FC221AFFA170003C1FF /* LayerManagerViewControl.swift */; };
		4F86763121B7D434005B3965 /* KiClipperHelper.swift in Sources */ = {isa = PBXBuildFile; fileRef = 4F86762E21B7D433005B3965 /* KiClipperHelper.swift */; };
		4F86763221B7D434005B3965 /* KiClipperView.swift in Sources */ = {isa = PBXBuildFile; fileRef = 4F86762F21B7D434005B3965 /* KiClipperView.swift */; };
		4F86763321B7D434005B3965 /* KiImageClipperViewController.swift in Sources */ = {isa = PBXBuildFile; fileRef = 4F86763021B7D434005B3965 /* KiImageClipperViewController.swift */; };
		4F879EF021B51F0C003850CC /* LocationLayer.swift in Sources */ = {isa = PBXBuildFile; fileRef = 4F879EEF21B51F0C003850CC /* LocationLayer.swift */; };
		4F879EF121B51F0C003850CC /* LocationLayer.swift in Sources */ = {isa = PBXBuildFile; fileRef = 4F879EEF21B51F0C003850CC /* LocationLayer.swift */; };
		4F8E586421B6437F008BAE56 /* HermesESPACE.otf in Resources */ = {isa = PBXBuildFile; fileRef = 4F8E586021B6437E008BAE56 /* HermesESPACE.otf */; };
		4F8E586521B6437F008BAE56 /* HermesESPACE.otf in Resources */ = {isa = PBXBuildFile; fileRef = 4F8E586021B6437E008BAE56 /* HermesESPACE.otf */; };
		4F8E586621B6437F008BAE56 /* HermesCAPECODOutline.otf in Resources */ = {isa = PBXBuildFile; fileRef = 4F8E586121B6437E008BAE56 /* HermesCAPECODOutline.otf */; };
		4F8E586721B6437F008BAE56 /* HermesCAPECODOutline.otf in Resources */ = {isa = PBXBuildFile; fileRef = 4F8E586121B6437E008BAE56 /* HermesCAPECODOutline.otf */; };
		4F8E586821B6437F008BAE56 /* HermesCARRICK.otf in Resources */ = {isa = PBXBuildFile; fileRef = 4F8E586221B6437E008BAE56 /* HermesCARRICK.otf */; };
		4F8E586921B6437F008BAE56 /* HermesCARRICK.otf in Resources */ = {isa = PBXBuildFile; fileRef = 4F8E586221B6437E008BAE56 /* HermesCARRICK.otf */; };
		4F8E586A21B6437F008BAE56 /* HermesCAPECOD.otf in Resources */ = {isa = PBXBuildFile; fileRef = 4F8E586321B6437F008BAE56 /* HermesCAPECOD.otf */; };
		4F8E586B21B6437F008BAE56 /* HermesCAPECOD.otf in Resources */ = {isa = PBXBuildFile; fileRef = 4F8E586321B6437F008BAE56 /* HermesCAPECOD.otf */; };
		4F8E586D21B644EE008BAE56 /* core.ttf in Resources */ = {isa = PBXBuildFile; fileRef = 4F8E586C21B644EE008BAE56 /* core.ttf */; };
		4F8E586E21B644EE008BAE56 /* core.ttf in Resources */ = {isa = PBXBuildFile; fileRef = 4F8E586C21B644EE008BAE56 /* core.ttf */; };
		4F8E587021B644FF008BAE56 /* Digitalo.ttf in Resources */ = {isa = PBXBuildFile; fileRef = 4F8E586F21B644FF008BAE56 /* Digitalo.ttf */; };
		4F8E587121B644FF008BAE56 /* Digitalo.ttf in Resources */ = {isa = PBXBuildFile; fileRef = 4F8E586F21B644FF008BAE56 /* Digitalo.ttf */; };
		4FA3466621B2B20100841378 /* FontSelectViewControl.swift in Sources */ = {isa = PBXBuildFile; fileRef = 4FA3466521B2B20100841378 /* FontSelectViewControl.swift */; };
		4FC0338721B10C9E009EB3CD /* LayerPropertyViewControl.swift in Sources */ = {isa = PBXBuildFile; fileRef = 4FC0338621B10C9E009EB3CD /* LayerPropertyViewControl.swift */; };
		4FC0338921B13BEE009EB3CD /* HourLayer.swift in Sources */ = {isa = PBXBuildFile; fileRef = 4FC0338821B13BEE009EB3CD /* HourLayer.swift */; };
		4FC0338A21B13BEE009EB3CD /* HourLayer.swift in Sources */ = {isa = PBXBuildFile; fileRef = 4FC0338821B13BEE009EB3CD /* HourLayer.swift */; };
		4FC0338C21B14065009EB3CD /* HourLayerViewControl.swift in Sources */ = {isa = PBXBuildFile; fileRef = 4FC0338B21B14065009EB3CD /* HourLayerViewControl.swift */; };
		4FC98CF121B0E7AD00CDDD36 /* WatchScene.swift in Sources */ = {isa = PBXBuildFile; fileRef = 4FFCA77F21AFAF8B002A2D73 /* WatchScene.swift */; };
		4FCE08B521B4E1DF007CD453 /* Weather.swift in Sources */ = {isa = PBXBuildFile; fileRef = 4FCE08B421B4E1DF007CD453 /* Weather.swift */; };
		4FCE08B621B4E1DF007CD453 /* Weather.swift in Sources */ = {isa = PBXBuildFile; fileRef = 4FCE08B421B4E1DF007CD453 /* Weather.swift */; };
		4FCE08B821B4ED80007CD453 /* WeatherLayer.swift in Sources */ = {isa = PBXBuildFile; fileRef = 4FCE08B721B4ED80007CD453 /* WeatherLayer.swift */; };
		4FCE08B921B4ED80007CD453 /* WeatherLayer.swift in Sources */ = {isa = PBXBuildFile; fileRef = 4FCE08B721B4ED80007CD453 /* WeatherLayer.swift */; };
		4FCE08BB21B4FA83007CD453 /* WeatherLayerViewControl.swift in Sources */ = {isa = PBXBuildFile; fileRef = 4FCE08BA21B4FA83007CD453 /* WeatherLayerViewControl.swift */; };
		4FD0038421B3735F00E321C0 /* tickmark.storyboard in Resources */ = {isa = PBXBuildFile; fileRef = 4FD0038221B3735F00E321C0 /* tickmark.storyboard */; };
		4FE81E0021B76D6E0053AA28 /* MoonLayer.swift in Sources */ = {isa = PBXBuildFile; fileRef = 4FE81DFF21B76D6E0053AA28 /* MoonLayer.swift */; };
		4FE81E0121B76D6E0053AA28 /* MoonLayer.swift in Sources */ = {isa = PBXBuildFile; fileRef = 4FE81DFF21B76D6E0053AA28 /* MoonLayer.swift */; };
		4FE81E0321B770800053AA28 /* EmptyLayerViewControl.swift in Sources */ = {isa = PBXBuildFile; fileRef = 4FE81E0221B770800053AA28 /* EmptyLayerViewControl.swift */; };
		4FE9341221AFD60A00625C10 /* AddLayerViewControl.swift in Sources */ = {isa = PBXBuildFile; fileRef = 4FE9341121AFD60A00625C10 /* AddLayerViewControl.swift */; };
		4FE9341421AFE23D00625C10 /* ImageLayerVC.swift in Sources */ = {isa = PBXBuildFile; fileRef = 4FE9341321AFE23D00625C10 /* ImageLayerVC.swift */; };
		4FE9341621AFE2C400625C10 /* ImageCategoryVC.swift in Sources */ = {isa = PBXBuildFile; fileRef = 4FE9341521AFE2C400625C10 /* ImageCategoryVC.swift */; };
		4FE9341821AFE34500625C10 /* ImageSelectViewControl.swift in Sources */ = {isa = PBXBuildFile; fileRef = 4FE9341721AFE34500625C10 /* ImageSelectViewControl.swift */; };
		4FE9341C21AFE73F00625C10 /* ResManager.swift in Sources */ = {isa = PBXBuildFile; fileRef = 4FE9341B21AFE73F00625C10 /* ResManager.swift */; };
		4FE9341D21AFE73F00625C10 /* ResManager.swift in Sources */ = {isa = PBXBuildFile; fileRef = 4FE9341B21AFE73F00625C10 /* ResManager.swift */; };
		4FF2F43021B37DA3005E6F18 /* TextLayerViewControl.swift in Sources */ = {isa = PBXBuildFile; fileRef = 4FF2F42F21B37DA3005E6F18 /* TextLayerViewControl.swift */; };
		4FFCA78021AFAF8B002A2D73 /* WatchScene.swift in Sources */ = {isa = PBXBuildFile; fileRef = 4FFCA77F21AFAF8B002A2D73 /* WatchScene.swift */; };
		4FFCA78321AFAFD6002A2D73 /* MyWatch.swift in Sources */ = {isa = PBXBuildFile; fileRef = 4FFCA78221AFAFD6002A2D73 /* MyWatch.swift */; };
		4FFCA78421AFAFD6002A2D73 /* MyWatch.swift in Sources */ = {isa = PBXBuildFile; fileRef = 4FFCA78221AFAFD6002A2D73 /* MyWatch.swift */; };
		4FFCA78621AFB260002A2D73 /* ClassExtensions.swift in Sources */ = {isa = PBXBuildFile; fileRef = 4FFCA78521AFB260002A2D73 /* ClassExtensions.swift */; };
		4FFCA78721AFB260002A2D73 /* ClassExtensions.swift in Sources */ = {isa = PBXBuildFile; fileRef = 4FFCA78521AFB260002A2D73 /* ClassExtensions.swift */; };
		4FFCA78921AFBAB8002A2D73 /* WatchSettingsViewControl.swift in Sources */ = {isa = PBXBuildFile; fileRef = 4FFCA78821AFBAB8002A2D73 /* WatchSettingsViewControl.swift */; };
		4FFCA78A21AFC62B002A2D73 /* WatchLayer.swift in Sources */ = {isa = PBXBuildFile; fileRef = 4F0AEC0C21ACED8300B05CDB /* WatchLayer.swift */; };
		4FFCA78D21AFC689002A2D73 /* ImageLayer.swift in Sources */ = {isa = PBXBuildFile; fileRef = 4FFCA78C21AFC689002A2D73 /* ImageLayer.swift */; };
		4FFCA78E21AFC689002A2D73 /* ImageLayer.swift in Sources */ = {isa = PBXBuildFile; fileRef = 4FFCA78C21AFC689002A2D73 /* ImageLayer.swift */; };
/* End PBXBuildFile section */

/* Begin PBXContainerItemProxy section */
		4F0AEBDF21ACE72100B05CDB /* PBXContainerItemProxy */ = {
			isa = PBXContainerItemProxy;
			containerPortal = 4F0AEBC321ACE72000B05CDB /* Project object */;
			proxyType = 1;
			remoteGlobalIDString = 4F0AEBDC21ACE72100B05CDB;
			remoteInfo = "WatchClock3 WatchKit App";
		};
		4F0AEBEE21ACE72200B05CDB /* PBXContainerItemProxy */ = {
			isa = PBXContainerItemProxy;
			containerPortal = 4F0AEBC321ACE72000B05CDB /* Project object */;
			proxyType = 1;
			remoteGlobalIDString = 4F0AEBEB21ACE72200B05CDB;
			remoteInfo = "WatchClock3 WatchKit Extension";
		};
/* End PBXContainerItemProxy section */

/* Begin PBXCopyFilesBuildPhase section */
		4F0AEBFD21ACE72200B05CDB /* Embed App Extensions */ = {
			isa = PBXCopyFilesBuildPhase;
			buildActionMask = 2147483647;
			dstPath = "";
			dstSubfolderSpec = 13;
			files = (
				4F0AEBED21ACE72200B05CDB /* WatchClock3 WatchKit Extension.appex in Embed App Extensions */,
			);
			name = "Embed App Extensions";
			runOnlyForDeploymentPostprocessing = 0;
		};
		4F0AEC0121ACE72200B05CDB /* Embed Watch Content */ = {
			isa = PBXCopyFilesBuildPhase;
			buildActionMask = 2147483647;
			dstPath = "$(CONTENTS_FOLDER_PATH)/Watch";
			dstSubfolderSpec = 16;
			files = (
				4F0AEBDE21ACE72100B05CDB /* WatchClock3 WatchKit App.app in Embed Watch Content */,
			);
			name = "Embed Watch Content";
			runOnlyForDeploymentPostprocessing = 0;
		};
/* End PBXCopyFilesBuildPhase section */

/* Begin PBXFileReference section */
		4F0AEBCB21ACE72000B05CDB /* WatchClock3.app */ = {isa = PBXFileReference; explicitFileType = wrapper.application; includeInIndex = 0; path = WatchClock3.app; sourceTree = BUILT_PRODUCTS_DIR; };
		4F0AEBCE21ACE72000B05CDB /* AppDelegate.swift */ = {isa = PBXFileReference; lastKnownFileType = sourcecode.swift; path = AppDelegate.swift; sourceTree = "<group>"; };
		4F0AEBD021ACE72000B05CDB /* ViewController.swift */ = {isa = PBXFileReference; lastKnownFileType = sourcecode.swift; path = ViewController.swift; sourceTree = "<group>"; };
		4F0AEBD321ACE72000B05CDB /* Base */ = {isa = PBXFileReference; lastKnownFileType = file.storyboard; name = Base; path = Base.lproj/Main.storyboard; sourceTree = "<group>"; };
		4F0AEBD521ACE72100B05CDB /* Assets.xcassets */ = {isa = PBXFileReference; lastKnownFileType = folder.assetcatalog; path = Assets.xcassets; sourceTree = "<group>"; };
		4F0AEBD821ACE72100B05CDB /* Base */ = {isa = PBXFileReference; lastKnownFileType = file.storyboard; name = Base; path = Base.lproj/LaunchScreen.storyboard; sourceTree = "<group>"; };
		4F0AEBDA21ACE72100B05CDB /* Info.plist */ = {isa = PBXFileReference; lastKnownFileType = text.plist.xml; path = Info.plist; sourceTree = "<group>"; };
		4F0AEBDD21ACE72100B05CDB /* WatchClock3 WatchKit App.app */ = {isa = PBXFileReference; explicitFileType = wrapper.application; includeInIndex = 0; path = "WatchClock3 WatchKit App.app"; sourceTree = BUILT_PRODUCTS_DIR; };
		4F0AEBE321ACE72100B05CDB /* Base */ = {isa = PBXFileReference; lastKnownFileType = file.storyboard; name = Base; path = Base.lproj/Interface.storyboard; sourceTree = "<group>"; };
		4F0AEBE521ACE72200B05CDB /* Assets.xcassets */ = {isa = PBXFileReference; lastKnownFileType = folder.assetcatalog; path = Assets.xcassets; sourceTree = "<group>"; };
		4F0AEBE721ACE72200B05CDB /* Info.plist */ = {isa = PBXFileReference; lastKnownFileType = text.plist.xml; path = Info.plist; sourceTree = "<group>"; };
		4F0AEBEC21ACE72200B05CDB /* WatchClock3 WatchKit Extension.appex */ = {isa = PBXFileReference; explicitFileType = "wrapper.app-extension"; includeInIndex = 0; path = "WatchClock3 WatchKit Extension.appex"; sourceTree = BUILT_PRODUCTS_DIR; };
		4F0AEBF121ACE72200B05CDB /* InterfaceController.swift */ = {isa = PBXFileReference; lastKnownFileType = sourcecode.swift; path = InterfaceController.swift; sourceTree = "<group>"; };
		4F0AEBF321ACE72200B05CDB /* ExtensionDelegate.swift */ = {isa = PBXFileReference; lastKnownFileType = sourcecode.swift; path = ExtensionDelegate.swift; sourceTree = "<group>"; };
		4F0AEBF521ACE72200B05CDB /* Assets.xcassets */ = {isa = PBXFileReference; lastKnownFileType = folder.assetcatalog; path = Assets.xcassets; sourceTree = "<group>"; };
		4F0AEBF721ACE72200B05CDB /* Info.plist */ = {isa = PBXFileReference; lastKnownFileType = text.plist.xml; path = Info.plist; sourceTree = "<group>"; };
		4F0AEC0A21ACEBE300B05CDB /* WatchManagerViewControl.swift */ = {isa = PBXFileReference; lastKnownFileType = sourcecode.swift; path = WatchManagerViewControl.swift; sourceTree = "<group>"; };
		4F0AEC0C21ACED8300B05CDB /* WatchLayer.swift */ = {isa = PBXFileReference; lastKnownFileType = sourcecode.swift; path = WatchLayer.swift; sourceTree = "<group>"; };
		4F153F8C21B2E15F003E58E9 /* TextLayer.swift */ = {isa = PBXFileReference; lastKnownFileType = sourcecode.swift; path = TextLayer.swift; sourceTree = "<group>"; };
		4F153F9421B2E7D3003E58E9 /* Base */ = {isa = PBXFileReference; lastKnownFileType = file.storyboard; name = Base; path = WatchClock3/Base.lproj/LayerStory.storyboard; sourceTree = "<group>"; };
		4F2C9FBE21B66CCF000A2FB3 /* MagicParticle.sks */ = {isa = PBXFileReference; lastKnownFileType = file.sks; path = MagicParticle.sks; sourceTree = "<group>"; };
		4F2C9FC121B66F56000A2FB3 /* MagicLayer.swift */ = {isa = PBXFileReference; lastKnownFileType = sourcecode.swift; path = MagicLayer.swift; sourceTree = "<group>"; };
		4F2C9FC721B67465000A2FB3 /* RainParticle.sks */ = {isa = PBXFileReference; lastKnownFileType = file.sks; path = RainParticle.sks; sourceTree = "<group>"; };
		4F5B524B21B1A03000A0039A /* WatchManager.swift */ = {isa = PBXFileReference; lastKnownFileType = sourcecode.swift; path = WatchManager.swift; sourceTree = "<group>"; };
		4F5D336421B231550000B47A /* WatchSettings.swift */ = {isa = PBXFileReference; lastKnownFileType = sourcecode.swift; path = WatchSettings.swift; sourceTree = "<group>"; };
		4F5D336721B26A340000B47A /* ColorSelectViewControl.swift */ = {isa = PBXFileReference; lastKnownFileType = sourcecode.swift; path = ColorSelectViewControl.swift; sourceTree = "<group>"; };
		4F5D336921B26AD80000B47A /* WatchSetupViewControl.swift */ = {isa = PBXFileReference; lastKnownFileType = sourcecode.swift; path = WatchSetupViewControl.swift; sourceTree = "<group>"; };
		4F5D336B21B288630000B47A /* TickMarkLayer.swift */ = {isa = PBXFileReference; lastKnownFileType = sourcecode.swift; path = TickMarkLayer.swift; sourceTree = "<group>"; };
		4F5D336E21B2ABAB0000B47A /* TickMarkLayerViewControl.swift */ = {isa = PBXFileReference; lastKnownFileType = sourcecode.swift; path = TickMarkLayerViewControl.swift; sourceTree = "<group>"; };
		4F6444A921ACF2A600693CC0 /* FaceScene.sks */ = {isa = PBXFileReference; lastKnownFileType = file.sks; path = FaceScene.sks; sourceTree = "<group>"; };
		4F712FC221AFFA170003C1FF /* LayerManagerViewControl.swift */ = {isa = PBXFileReference; lastKnownFileType = sourcecode.swift; path = LayerManagerViewControl.swift; sourceTree = "<group>"; };
		4F86762E21B7D433005B3965 /* KiClipperHelper.swift */ = {isa = PBXFileReference; fileEncoding = 4; lastKnownFileType = sourcecode.swift; path = KiClipperHelper.swift; sourceTree = "<group>"; };
		4F86762F21B7D434005B3965 /* KiClipperView.swift */ = {isa = PBXFileReference; fileEncoding = 4; lastKnownFileType = sourcecode.swift; path = KiClipperView.swift; sourceTree = "<group>"; };
		4F86763021B7D434005B3965 /* KiImageClipperViewController.swift */ = {isa = PBXFileReference; fileEncoding = 4; lastKnownFileType = sourcecode.swift; path = KiImageClipperViewController.swift; sourceTree = "<group>"; };
		4F879EEF21B51F0C003850CC /* LocationLayer.swift */ = {isa = PBXFileReference; lastKnownFileType = sourcecode.swift; path = LocationLayer.swift; sourceTree = "<group>"; };
		4F8E586021B6437E008BAE56 /* HermesESPACE.otf */ = {isa = PBXFileReference; lastKnownFileType = file; path = HermesESPACE.otf; sourceTree = "<group>"; };
		4F8E586121B6437E008BAE56 /* HermesCAPECODOutline.otf */ = {isa = PBXFileReference; lastKnownFileType = file; path = HermesCAPECODOutline.otf; sourceTree = "<group>"; };
		4F8E586221B6437E008BAE56 /* HermesCARRICK.otf */ = {isa = PBXFileReference; lastKnownFileType = file; path = HermesCARRICK.otf; sourceTree = "<group>"; };
		4F8E586321B6437F008BAE56 /* HermesCAPECOD.otf */ = {isa = PBXFileReference; lastKnownFileType = file; path = HermesCAPECOD.otf; sourceTree = "<group>"; };
		4F8E586C21B644EE008BAE56 /* core.ttf */ = {isa = PBXFileReference; lastKnownFileType = file; path = core.ttf; sourceTree = "<group>"; };
		4F8E586F21B644FF008BAE56 /* Digitalo.ttf */ = {isa = PBXFileReference; lastKnownFileType = file; path = Digitalo.ttf; sourceTree = "<group>"; };
		4FA3466521B2B20100841378 /* FontSelectViewControl.swift */ = {isa = PBXFileReference; lastKnownFileType = sourcecode.swift; path = FontSelectViewControl.swift; sourceTree = "<group>"; };
		4FC0338621B10C9E009EB3CD /* LayerPropertyViewControl.swift */ = {isa = PBXFileReference; lastKnownFileType = sourcecode.swift; path = LayerPropertyViewControl.swift; sourceTree = "<group>"; };
		4FC0338821B13BEE009EB3CD /* HourLayer.swift */ = {isa = PBXFileReference; lastKnownFileType = sourcecode.swift; path = HourLayer.swift; sourceTree = "<group>"; };
		4FC0338B21B14065009EB3CD /* HourLayerViewControl.swift */ = {isa = PBXFileReference; lastKnownFileType = sourcecode.swift; path = HourLayerViewControl.swift; sourceTree = "<group>"; };
		4FCE08B421B4E1DF007CD453 /* Weather.swift */ = {isa = PBXFileReference; fileEncoding = 4; lastKnownFileType = sourcecode.swift; path = Weather.swift; sourceTree = "<group>"; };
		4FCE08B721B4ED80007CD453 /* WeatherLayer.swift */ = {isa = PBXFileReference; lastKnownFileType = sourcecode.swift; path = WeatherLayer.swift; sourceTree = "<group>"; };
		4FCE08BA21B4FA83007CD453 /* WeatherLayerViewControl.swift */ = {isa = PBXFileReference; lastKnownFileType = sourcecode.swift; path = WeatherLayerViewControl.swift; sourceTree = "<group>"; };
		4FD0038321B3735F00E321C0 /* Base */ = {isa = PBXFileReference; lastKnownFileType = file.storyboard; name = Base; path = WatchClock3/WatchClock3/Base.lproj/tickmark.storyboard; sourceTree = "<group>"; };
		4FE81DFF21B76D6E0053AA28 /* MoonLayer.swift */ = {isa = PBXFileReference; lastKnownFileType = sourcecode.swift; path = MoonLayer.swift; sourceTree = "<group>"; };
		4FE81E0221B770800053AA28 /* EmptyLayerViewControl.swift */ = {isa = PBXFileReference; lastKnownFileType = sourcecode.swift; path = EmptyLayerViewControl.swift; sourceTree = "<group>"; };
		4FE9341121AFD60A00625C10 /* AddLayerViewControl.swift */ = {isa = PBXFileReference; lastKnownFileType = sourcecode.swift; path = AddLayerViewControl.swift; sourceTree = "<group>"; };
		4FE9341321AFE23D00625C10 /* ImageLayerVC.swift */ = {isa = PBXFileReference; lastKnownFileType = sourcecode.swift; path = ImageLayerVC.swift; sourceTree = "<group>"; };
		4FE9341521AFE2C400625C10 /* ImageCategoryVC.swift */ = {isa = PBXFileReference; lastKnownFileType = sourcecode.swift; path = ImageCategoryVC.swift; sourceTree = "<group>"; };
		4FE9341721AFE34500625C10 /* ImageSelectViewControl.swift */ = {isa = PBXFileReference; lastKnownFileType = sourcecode.swift; path = ImageSelectViewControl.swift; sourceTree = "<group>"; };
		4FE9341921AFE60300625C10 /* watchimage.json */ = {isa = PBXFileReference; lastKnownFileType = text.json; path = watchimage.json; sourceTree = "<group>"; };
		4FE9341B21AFE73F00625C10 /* ResManager.swift */ = {isa = PBXFileReference; lastKnownFileType = sourcecode.swift; path = ResManager.swift; sourceTree = "<group>"; };
		4FF2F42F21B37DA3005E6F18 /* TextLayerViewControl.swift */ = {isa = PBXFileReference; lastKnownFileType = sourcecode.swift; path = TextLayerViewControl.swift; sourceTree = "<group>"; };
		4FFCA77F21AFAF8B002A2D73 /* WatchScene.swift */ = {isa = PBXFileReference; fileEncoding = 4; lastKnownFileType = sourcecode.swift; path = WatchScene.swift; sourceTree = "<group>"; };
		4FFCA78221AFAFD6002A2D73 /* MyWatch.swift */ = {isa = PBXFileReference; lastKnownFileType = sourcecode.swift; path = MyWatch.swift; sourceTree = "<group>"; };
		4FFCA78521AFB260002A2D73 /* ClassExtensions.swift */ = {isa = PBXFileReference; lastKnownFileType = sourcecode.swift; path = ClassExtensions.swift; sourceTree = "<group>"; };
		4FFCA78821AFBAB8002A2D73 /* WatchSettingsViewControl.swift */ = {isa = PBXFileReference; lastKnownFileType = sourcecode.swift; path = WatchSettingsViewControl.swift; sourceTree = "<group>"; };
		4FFCA78C21AFC689002A2D73 /* ImageLayer.swift */ = {isa = PBXFileReference; lastKnownFileType = sourcecode.swift; path = ImageLayer.swift; sourceTree = "<group>"; };
/* End PBXFileReference section */

/* Begin PBXFrameworksBuildPhase section */
		4F0AEBC821ACE72000B05CDB /* Frameworks */ = {
			isa = PBXFrameworksBuildPhase;
			buildActionMask = 2147483647;
			files = (
			);
			runOnlyForDeploymentPostprocessing = 0;
		};
		4F0AEBE921ACE72200B05CDB /* Frameworks */ = {
			isa = PBXFrameworksBuildPhase;
			buildActionMask = 2147483647;
			files = (
			);
			runOnlyForDeploymentPostprocessing = 0;
		};
/* End PBXFrameworksBuildPhase section */

/* Begin PBXGroup section */
		4F0AEBC221ACE72000B05CDB = {
			isa = PBXGroup;
			children = (
				4F0AEBCD21ACE72000B05CDB /* WatchClock3 */,
				4F0AEBE121ACE72100B05CDB /* WatchClock3 WatchKit App */,
				4F0AEBF021ACE72200B05CDB /* WatchClock3 WatchKit Extension */,
				4F0AEBCC21ACE72000B05CDB /* Products */,
			);
			sourceTree = "<group>";
		};
		4F0AEBCC21ACE72000B05CDB /* Products */ = {
			isa = PBXGroup;
			children = (
				4F0AEBCB21ACE72000B05CDB /* WatchClock3.app */,
				4F0AEBDD21ACE72100B05CDB /* WatchClock3 WatchKit App.app */,
				4F0AEBEC21ACE72200B05CDB /* WatchClock3 WatchKit Extension.appex */,
			);
			name = Products;
			sourceTree = "<group>";
		};
		4F0AEBCD21ACE72000B05CDB /* WatchClock3 */ = {
			isa = PBXGroup;
			children = (
				4F86762D21B7D417005B3965 /* KiClipperHelper */,
				4F0AEC0921ACEBC100B05CDB /* Views */,
				4F0AEBCE21ACE72000B05CDB /* AppDelegate.swift */,
				4FE9341921AFE60300625C10 /* watchimage.json */,
				4F0AEBD021ACE72000B05CDB /* ViewController.swift */,
				4F153F9321B2E7D3003E58E9 /* LayerStory.storyboard */,
				4FD0038221B3735F00E321C0 /* tickmark.storyboard */,
				4F0AEBD221ACE72000B05CDB /* Main.storyboard */,
				4F0AEBD521ACE72100B05CDB /* Assets.xcassets */,
				4F0AEBD721ACE72100B05CDB /* LaunchScreen.storyboard */,
				4F0AEBDA21ACE72100B05CDB /* Info.plist */,
			);
			path = WatchClock3;
			sourceTree = "<group>";
		};
		4F0AEBE121ACE72100B05CDB /* WatchClock3 WatchKit App */ = {
			isa = PBXGroup;
			children = (
				4F0AEBE221ACE72100B05CDB /* Interface.storyboard */,
				4F0AEBE521ACE72200B05CDB /* Assets.xcassets */,
				4F0AEBE721ACE72200B05CDB /* Info.plist */,
			);
			path = "WatchClock3 WatchKit App";
			sourceTree = "<group>";
		};
		4F0AEBF021ACE72200B05CDB /* WatchClock3 WatchKit Extension */ = {
			isa = PBXGroup;
			children = (
				4F8E585F21B6436A008BAE56 /* fonts */,
				4FFCA78B21AFC65D002A2D73 /* layers */,
				4F6444A921ACF2A600693CC0 /* FaceScene.sks */,
				4FCE08B421B4E1DF007CD453 /* Weather.swift */,
				4FFCA77F21AFAF8B002A2D73 /* WatchScene.swift */,
				4F0AEBF121ACE72200B05CDB /* InterfaceController.swift */,
				4F0AEBF321ACE72200B05CDB /* ExtensionDelegate.swift */,
				4F0AEBF521ACE72200B05CDB /* Assets.xcassets */,
				4F0AEBF721ACE72200B05CDB /* Info.plist */,
				4F0AEC0C21ACED8300B05CDB /* WatchLayer.swift */,
				4FFCA78221AFAFD6002A2D73 /* MyWatch.swift */,
				4F5D336421B231550000B47A /* WatchSettings.swift */,
				4FFCA78521AFB260002A2D73 /* ClassExtensions.swift */,
				4FE9341B21AFE73F00625C10 /* ResManager.swift */,
				4F5B524B21B1A03000A0039A /* WatchManager.swift */,
				4F2C9FBE21B66CCF000A2FB3 /* MagicParticle.sks */,
				4F2C9FC721B67465000A2FB3 /* RainParticle.sks */,
			);
			path = "WatchClock3 WatchKit Extension";
			sourceTree = "<group>";
		};
		4F0AEC0921ACEBC100B05CDB /* Views */ = {
			isa = PBXGroup;
			children = (
				4F0AEC0A21ACEBE300B05CDB /* WatchManagerViewControl.swift */,
				4FFCA78821AFBAB8002A2D73 /* WatchSettingsViewControl.swift */,
				4FA3466521B2B20100841378 /* FontSelectViewControl.swift */,
				4FE9341121AFD60A00625C10 /* AddLayerViewControl.swift */,
				4FE9341521AFE2C400625C10 /* ImageCategoryVC.swift */,
				4FE9341721AFE34500625C10 /* ImageSelectViewControl.swift */,
				4F5D336721B26A340000B47A /* ColorSelectViewControl.swift */,
				4F712FC221AFFA170003C1FF /* LayerManagerViewControl.swift */,
				4FC0338621B10C9E009EB3CD /* LayerPropertyViewControl.swift */,
				4FE9341321AFE23D00625C10 /* ImageLayerVC.swift */,
				4FC0338B21B14065009EB3CD /* HourLayerViewControl.swift */,
				4F5D336921B26AD80000B47A /* WatchSetupViewControl.swift */,
				4F5D336E21B2ABAB0000B47A /* TickMarkLayerViewControl.swift */,
				4FF2F42F21B37DA3005E6F18 /* TextLayerViewControl.swift */,
				4FCE08BA21B4FA83007CD453 /* WeatherLayerViewControl.swift */,
				4FE81E0221B770800053AA28 /* EmptyLayerViewControl.swift */,
			);
			path = Views;
			sourceTree = "<group>";
		};
		4F86762D21B7D417005B3965 /* KiClipperHelper */ = {
			isa = PBXGroup;
			children = (
				4F86763021B7D434005B3965 /* KiImageClipperViewController.swift */,
				4F86762F21B7D434005B3965 /* KiClipperView.swift */,
				4F86762E21B7D433005B3965 /* KiClipperHelper.swift */,
			);
			path = KiClipperHelper;
			sourceTree = "<group>";
		};
		4F8E585F21B6436A008BAE56 /* fonts */ = {
			isa = PBXGroup;
			children = (
				4F8E586321B6437F008BAE56 /* HermesCAPECOD.otf */,
				4F8E586121B6437E008BAE56 /* HermesCAPECODOutline.otf */,
				4F8E586221B6437E008BAE56 /* HermesCARRICK.otf */,
				4F8E586F21B644FF008BAE56 /* Digitalo.ttf */,
				4F8E586C21B644EE008BAE56 /* core.ttf */,
				4F8E586021B6437E008BAE56 /* HermesESPACE.otf */,
			);
			path = fonts;
			sourceTree = "<group>";
		};
		4FFCA78B21AFC65D002A2D73 /* layers */ = {
			isa = PBXGroup;
			children = (
				4FFCA78C21AFC689002A2D73 /* ImageLayer.swift */,
				4FC0338821B13BEE009EB3CD /* HourLayer.swift */,
				4F5D336B21B288630000B47A /* TickMarkLayer.swift */,
				4F153F8C21B2E15F003E58E9 /* TextLayer.swift */,
				4FCE08B721B4ED80007CD453 /* WeatherLayer.swift */,
				4F879EEF21B51F0C003850CC /* LocationLayer.swift */,
				4F2C9FC121B66F56000A2FB3 /* MagicLayer.swift */,
				4FE81DFF21B76D6E0053AA28 /* MoonLayer.swift */,
			);
			path = layers;
			sourceTree = "<group>";
		};
/* End PBXGroup section */

/* Begin PBXNativeTarget section */
		4F0AEBCA21ACE72000B05CDB /* WatchClock3 */ = {
			isa = PBXNativeTarget;
			buildConfigurationList = 4F0AEC0221ACE72200B05CDB /* Build configuration list for PBXNativeTarget "WatchClock3" */;
			buildPhases = (
				4F0AEBC721ACE72000B05CDB /* Sources */,
				4F0AEBC821ACE72000B05CDB /* Frameworks */,
				4F0AEBC921ACE72000B05CDB /* Resources */,
				4F0AEC0121ACE72200B05CDB /* Embed Watch Content */,
				4F0AEC0521ACE8DC00B05CDB /* ShellScript */,
				4FE9341A21AFE61700625C10 /* ShellScript */,
			);
			buildRules = (
			);
			dependencies = (
				4F0AEBE021ACE72100B05CDB /* PBXTargetDependency */,
			);
			name = WatchClock3;
			productName = WatchClock3;
			productReference = 4F0AEBCB21ACE72000B05CDB /* WatchClock3.app */;
			productType = "com.apple.product-type.application";
		};
		4F0AEBDC21ACE72100B05CDB /* WatchClock3 WatchKit App */ = {
			isa = PBXNativeTarget;
			buildConfigurationList = 4F0AEBFE21ACE72200B05CDB /* Build configuration list for PBXNativeTarget "WatchClock3 WatchKit App" */;
			buildPhases = (
				4F0AEBDB21ACE72100B05CDB /* Resources */,
				4F0AEBFD21ACE72200B05CDB /* Embed App Extensions */,
			);
			buildRules = (
			);
			dependencies = (
				4F0AEBEF21ACE72200B05CDB /* PBXTargetDependency */,
			);
			name = "WatchClock3 WatchKit App";
			productName = "WatchClock3 WatchKit App";
			productReference = 4F0AEBDD21ACE72100B05CDB /* WatchClock3 WatchKit App.app */;
			productType = "com.apple.product-type.application.watchapp2";
		};
		4F0AEBEB21ACE72200B05CDB /* WatchClock3 WatchKit Extension */ = {
			isa = PBXNativeTarget;
			buildConfigurationList = 4F0AEBFA21ACE72200B05CDB /* Build configuration list for PBXNativeTarget "WatchClock3 WatchKit Extension" */;
			buildPhases = (
				4F0AEBE821ACE72200B05CDB /* Sources */,
				4F0AEBE921ACE72200B05CDB /* Frameworks */,
				4F0AEBEA21ACE72200B05CDB /* Resources */,
			);
			buildRules = (
			);
			dependencies = (
			);
			name = "WatchClock3 WatchKit Extension";
			productName = "WatchClock3 WatchKit Extension";
			productReference = 4F0AEBEC21ACE72200B05CDB /* WatchClock3 WatchKit Extension.appex */;
			productType = "com.apple.product-type.watchkit2-extension";
		};
/* End PBXNativeTarget section */

/* Begin PBXProject section */
		4F0AEBC321ACE72000B05CDB /* Project object */ = {
			isa = PBXProject;
			attributes = {
				LastSwiftUpdateCheck = 1010;
				LastUpgradeCheck = 1010;
				ORGANIZATIONNAME = xwcoco;
				TargetAttributes = {
					4F0AEBCA21ACE72000B05CDB = {
						CreatedOnToolsVersion = 10.1;
					};
					4F0AEBDC21ACE72100B05CDB = {
						CreatedOnToolsVersion = 10.1;
					};
					4F0AEBEB21ACE72200B05CDB = {
						CreatedOnToolsVersion = 10.1;
					};
				};
			};
			buildConfigurationList = 4F0AEBC621ACE72000B05CDB /* Build configuration list for PBXProject "WatchClock3" */;
			compatibilityVersion = "Xcode 9.3";
			developmentRegion = en;
			hasScannedForEncodings = 0;
			knownRegions = (
				en,
				Base,
			);
			mainGroup = 4F0AEBC221ACE72000B05CDB;
			productRefGroup = 4F0AEBCC21ACE72000B05CDB /* Products */;
			projectDirPath = "";
			projectRoot = "";
			targets = (
				4F0AEBCA21ACE72000B05CDB /* WatchClock3 */,
				4F0AEBDC21ACE72100B05CDB /* WatchClock3 WatchKit App */,
				4F0AEBEB21ACE72200B05CDB /* WatchClock3 WatchKit Extension */,
			);
		};
/* End PBXProject section */

/* Begin PBXResourcesBuildPhase section */
		4F0AEBC921ACE72000B05CDB /* Resources */ = {
			isa = PBXResourcesBuildPhase;
			buildActionMask = 2147483647;
			files = (
				4F8E586D21B644EE008BAE56 /* core.ttf in Resources */,
				4F2C9FC821B67465000A2FB3 /* RainParticle.sks in Resources */,
				4FD0038421B3735F00E321C0 /* tickmark.storyboard in Resources */,
				4F712FC021AFF30F0003C1FF /* watchimage.json in Resources */,
				4F8E586621B6437F008BAE56 /* HermesCAPECODOutline.otf in Resources */,
				4F0AEBD921ACE72100B05CDB /* LaunchScreen.storyboard in Resources */,
				4F2C9FBF21B66CCF000A2FB3 /* MagicParticle.sks in Resources */,
				4F153F9521B2E7D3003E58E9 /* LayerStory.storyboard in Resources */,
				4F6444AA21ACF2A600693CC0 /* FaceScene.sks in Resources */,
				4F0AEBD621ACE72100B05CDB /* Assets.xcassets in Resources */,
				4F712FC121AFF3E20003C1FF /* Assets.xcassets in Resources */,
				4F0AEBD421ACE72000B05CDB /* Main.storyboard in Resources */,
				4F8E586421B6437F008BAE56 /* HermesESPACE.otf in Resources */,
				4F8E587021B644FF008BAE56 /* Digitalo.ttf in Resources */,
				4F8E586821B6437F008BAE56 /* HermesCARRICK.otf in Resources */,
				4F8E586A21B6437F008BAE56 /* HermesCAPECOD.otf in Resources */,
			);
			runOnlyForDeploymentPostprocessing = 0;
		};
		4F0AEBDB21ACE72100B05CDB /* Resources */ = {
			isa = PBXResourcesBuildPhase;
			buildActionMask = 2147483647;
			files = (
				4F0AEBE621ACE72200B05CDB /* Assets.xcassets in Resources */,
				4F0AEBE421ACE72100B05CDB /* Interface.storyboard in Resources */,
			);
			runOnlyForDeploymentPostprocessing = 0;
		};
		4F0AEBEA21ACE72200B05CDB /* Resources */ = {
			isa = PBXResourcesBuildPhase;
			buildActionMask = 2147483647;
			files = (
				4F0AEBF621ACE72200B05CDB /* Assets.xcassets in Resources */,
				4F6444AB21ACF2A600693CC0 /* FaceScene.sks in Resources */,
				4F8E586921B6437F008BAE56 /* HermesCARRICK.otf in Resources */,
				4F8E586721B6437F008BAE56 /* HermesCAPECODOutline.otf in Resources */,
				4F2C9FC921B67465000A2FB3 /* RainParticle.sks in Resources */,
				4F8E586E21B644EE008BAE56 /* core.ttf in Resources */,
				4F8E587121B644FF008BAE56 /* Digitalo.ttf in Resources */,
				4F2C9FC021B66CCF000A2FB3 /* MagicParticle.sks in Resources */,
				4F8E586521B6437F008BAE56 /* HermesESPACE.otf in Resources */,
				4F8E586B21B6437F008BAE56 /* HermesCAPECOD.otf in Resources */,
			);
			runOnlyForDeploymentPostprocessing = 0;
		};
/* End PBXResourcesBuildPhase section */

/* Begin PBXShellScriptBuildPhase section */
		4F0AEC0521ACE8DC00B05CDB /* ShellScript */ = {
			isa = PBXShellScriptBuildPhase;
			buildActionMask = 2147483647;
			files = (
			);
			inputFileListPaths = (
			);
			inputPaths = (
			);
			outputFileListPaths = (
			);
			outputPaths = (
			);
			runOnlyForDeploymentPostprocessing = 0;
			shellPath = /bin/sh;
			shellScript = "# Type a script or drag a script file from your wo# #! /bin/bash\ninfoPlist=\"${INFOPLIST_FILE}\"\n#! GET CFBundleBuildNumber value\nbuildNumber=$(/usr/libexec/PlistBuddy -c \"Print CFBundleBuildNumber\" ${infoPlist})\n#! CFBundleBuildNumber + 1\nbuildNumber=$((${buildNumber} + 1))\n#! SET CFBundleBuildNumber on Info.plist\n/usr/libexec/PlistBuddy -c \"Set :CFBundleBuildNumber ${buildNumber}\" ${infoPlist}\n#! GET CFBundleShortVersionString\nshortVersion=$(/usr/libexec/PlistBuddy -c \"Print :CFBundleShortVersionString\" ${infoPlist})\n#! Composes the buildNumber as CFBundleVersion\nbuildNumber=\"${shortVersion}.${buildNumber}\"\n#! SET CFBundleVersion\n/usr/libexec/PlistBuddy -c \"Set :CFBundleVersion ${buildNumber}\" ${infoPlist}\n#! GET date string\nbuildDate=\"$(date +%Y.%m.%d.%H:%M:%S)\"\n#! SET CFBundleBuildDate\n/usr/libexec/PlistBuddy -c \"Set :CFBundleBuildDate ${buildDate}\" ${infoPlist}\n\n# xcrun agvtool new-version -all ${buildNumber}\n\n\n";
		};
		4FE9341A21AFE61700625C10 /* ShellScript */ = {
			isa = PBXShellScriptBuildPhase;
			buildActionMask = 2147483647;
			files = (
			);
			inputFileListPaths = (
			);
			inputPaths = (
			);
			outputFileListPaths = (
			);
			outputPaths = (
			);
			runOnlyForDeploymentPostprocessing = 0;
			shellPath = /bin/sh;
			shellScript = "# Type a script or drag a script file from your workspace to insert its path.\nfunction getAllFiles()\n{\n\nimagelist=`find . -name \"*.png\"  -exec basename {} .png \\; 2>/dev/null | sort -n`;\n\n# echo $imagelist;\nfor fileName in $imagelist; do\necho \\\"$fileName\\\",;\ndone\n}\n\n\ndir=`pwd`\n\njsonfile=$dir/WatchClock3/watchimage.json\n\ncd \"./WatchClock3 WatchKit Extension/Assets.xcassets/faces\";\n\necho \"{\" > $jsonfile\necho \"\\\"faces\\\" : [\" >> $jsonfile\ngetAllFiles  >> $jsonfile\necho \"],\" >> $jsonfile\n\ncd $dir\ncd \"./WatchClock3 WatchKit Extension/Assets.xcassets/hours\"\necho \"\\\"hours\\\" : [\" >> $jsonfile\ngetAllFiles >> $jsonfile\necho \"],\" >> $jsonfile\n\ncd $dir\ncd \"./WatchClock3 WatchKit Extension/Assets.xcassets/minutes\"\necho \"\\\"minutes\\\" : [\" >> $jsonfile\ngetAllFiles >> $jsonfile\necho \"],\" >> $jsonfile\n\ncd $dir\ncd \"./WatchClock3 WatchKit Extension/Assets.xcassets/seconds\"\necho \"\\\"seconds\\\" : [\" >> $jsonfile\ngetAllFiles >> $jsonfile\necho \"],\" >> $jsonfile\n\ncd $dir\ncd \"./WatchClock3 WatchKit Extension/Assets.xcassets/logos\"\necho \"\\\"logos\\\" : [\" >> $jsonfile\ngetAllFiles >> $jsonfile\necho \"],\" >> $jsonfile\n\ncd $dir\ncd \"./WatchClock3 WatchKit Extension/Assets.xcassets/infoback\"\necho \"\\\"infoback\\\" : [\" >> $jsonfile\ngetAllFiles >> $jsonfile\necho \"],\" >> $jsonfile\n\ncd $dir\ncd \"./WatchClock3 WatchKit Extension/Assets.xcassets/altitude\"\necho \"\\\"altitude\\\" : [\" >> $jsonfile\ngetAllFiles >> $jsonfile\n\necho \"]}\" >> $jsonfile\n\n\n\n\n";
		};
/* End PBXShellScriptBuildPhase section */

/* Begin PBXSourcesBuildPhase section */
		4F0AEBC721ACE72000B05CDB /* Sources */ = {
			isa = PBXSourcesBuildPhase;
			buildActionMask = 2147483647;
			files = (
				4FE81E0021B76D6E0053AA28 /* MoonLayer.swift in Sources */,
				4FFCA78921AFBAB8002A2D73 /* WatchSettingsViewControl.swift in Sources */,
				4FFCA78021AFAF8B002A2D73 /* WatchScene.swift in Sources */,
				4F86763121B7D434005B3965 /* KiClipperHelper.swift in Sources */,
				4FE9341621AFE2C400625C10 /* ImageCategoryVC.swift in Sources */,
				4FE9341221AFD60A00625C10 /* AddLayerViewControl.swift in Sources */,
				4FA3466621B2B20100841378 /* FontSelectViewControl.swift in Sources */,
				4F5D336A21B26AD80000B47A /* WatchSetupViewControl.swift in Sources */,
				4FFCA78D21AFC689002A2D73 /* ImageLayer.swift in Sources */,
				4F0AEBD121ACE72000B05CDB /* ViewController.swift in Sources */,
				4F153F8D21B2E15F003E58E9 /* TextLayer.swift in Sources */,
				4F2C9FC221B66F56000A2FB3 /* MagicLayer.swift in Sources */,
				4FCE08BB21B4FA83007CD453 /* WeatherLayerViewControl.swift in Sources */,
				4FC0338C21B14065009EB3CD /* HourLayerViewControl.swift in Sources */,
				4F5D336F21B2ABAB0000B47A /* TickMarkLayerViewControl.swift in Sources */,
				4F5B524C21B1A03000A0039A /* WatchManager.swift in Sources */,
				4FC0338921B13BEE009EB3CD /* HourLayer.swift in Sources */,
				4FE9341C21AFE73F00625C10 /* ResManager.swift in Sources */,
				4FC0338721B10C9E009EB3CD /* LayerPropertyViewControl.swift in Sources */,
				4FE9341421AFE23D00625C10 /* ImageLayerVC.swift in Sources */,
				4F86763221B7D434005B3965 /* KiClipperView.swift in Sources */,
				4F0AEBCF21ACE72000B05CDB /* AppDelegate.swift in Sources */,
				4FFCA78321AFAFD6002A2D73 /* MyWatch.swift in Sources */,
				4F5D336821B26A340000B47A /* ColorSelectViewControl.swift in Sources */,
				4FFCA78621AFB260002A2D73 /* ClassExtensions.swift in Sources */,
				4FCE08B521B4E1DF007CD453 /* Weather.swift in Sources */,
				4FCE08B821B4ED80007CD453 /* WeatherLayer.swift in Sources */,
				4F86763321B7D434005B3965 /* KiImageClipperViewController.swift in Sources */,
				4F5D336C21B288630000B47A /* TickMarkLayer.swift in Sources */,
				4FE81E0321B770800053AA28 /* EmptyLayerViewControl.swift in Sources */,
				4F0AEC0B21ACEBE300B05CDB /* WatchManagerViewControl.swift in Sources */,
				4FE9341821AFE34500625C10 /* ImageSelectViewControl.swift in Sources */,
				4F712FC321AFFA170003C1FF /* LayerManagerViewControl.swift in Sources */,
				4F879EF021B51F0C003850CC /* LocationLayer.swift in Sources */,
				4F5D336521B231550000B47A /* WatchSettings.swift in Sources */,
				4FFCA78A21AFC62B002A2D73 /* WatchLayer.swift in Sources */,
				4FF2F43021B37DA3005E6F18 /* TextLayerViewControl.swift in Sources */,
			);
			runOnlyForDeploymentPostprocessing = 0;
		};
		4F0AEBE821ACE72200B05CDB /* Sources */ = {
			isa = PBXSourcesBuildPhase;
			buildActionMask = 2147483647;
			files = (
				4FC98CF121B0E7AD00CDDD36 /* WatchScene.swift in Sources */,
				4FE9341D21AFE73F00625C10 /* ResManager.swift in Sources */,
				4F0AEBF421ACE72200B05CDB /* ExtensionDelegate.swift in Sources */,
				4F0AEBF221ACE72200B05CDB /* InterfaceController.swift in Sources */,
				4F879EF121B51F0C003850CC /* LocationLayer.swift in Sources */,
				4FCE08B921B4ED80007CD453 /* WeatherLayer.swift in Sources */,
				4FE81E0121B76D6E0053AA28 /* MoonLayer.swift in Sources */,
				4FFCA78E21AFC689002A2D73 /* ImageLayer.swift in Sources */,
				4FFCA78421AFAFD6002A2D73 /* MyWatch.swift in Sources */,
				4FCE08B621B4E1DF007CD453 /* Weather.swift in Sources */,
				4F5D336621B231550000B47A /* WatchSettings.swift in Sources */,
				4FFCA78721AFB260002A2D73 /* ClassExtensions.swift in Sources */,
				4F2C9FC321B66F56000A2FB3 /* MagicLayer.swift in Sources */,
				4F153F8E21B2E15F003E58E9 /* TextLayer.swift in Sources */,
				4F5B524D21B1A03000A0039A /* WatchManager.swift in Sources */,
				4F5D336D21B288630000B47A /* TickMarkLayer.swift in Sources */,
				4F0AEC0D21ACED8300B05CDB /* WatchLayer.swift in Sources */,
				4FC0338A21B13BEE009EB3CD /* HourLayer.swift in Sources */,
			);
			runOnlyForDeploymentPostprocessing = 0;
		};
/* End PBXSourcesBuildPhase section */

/* Begin PBXTargetDependency section */
		4F0AEBE021ACE72100B05CDB /* PBXTargetDependency */ = {
			isa = PBXTargetDependency;
			target = 4F0AEBDC21ACE72100B05CDB /* WatchClock3 WatchKit App */;
			targetProxy = 4F0AEBDF21ACE72100B05CDB /* PBXContainerItemProxy */;
		};
		4F0AEBEF21ACE72200B05CDB /* PBXTargetDependency */ = {
			isa = PBXTargetDependency;
			target = 4F0AEBEB21ACE72200B05CDB /* WatchClock3 WatchKit Extension */;
			targetProxy = 4F0AEBEE21ACE72200B05CDB /* PBXContainerItemProxy */;
		};
/* End PBXTargetDependency section */

/* Begin PBXVariantGroup section */
		4F0AEBD221ACE72000B05CDB /* Main.storyboard */ = {
			isa = PBXVariantGroup;
			children = (
				4F0AEBD321ACE72000B05CDB /* Base */,
			);
			name = Main.storyboard;
			sourceTree = "<group>";
		};
		4F0AEBD721ACE72100B05CDB /* LaunchScreen.storyboard */ = {
			isa = PBXVariantGroup;
			children = (
				4F0AEBD821ACE72100B05CDB /* Base */,
			);
			name = LaunchScreen.storyboard;
			sourceTree = "<group>";
		};
		4F0AEBE221ACE72100B05CDB /* Interface.storyboard */ = {
			isa = PBXVariantGroup;
			children = (
				4F0AEBE321ACE72100B05CDB /* Base */,
			);
			name = Interface.storyboard;
			sourceTree = "<group>";
		};
		4F153F9321B2E7D3003E58E9 /* LayerStory.storyboard */ = {
			isa = PBXVariantGroup;
			children = (
				4F153F9421B2E7D3003E58E9 /* Base */,
			);
			name = LayerStory.storyboard;
			sourceTree = "<group>";
		};
		4FD0038221B3735F00E321C0 /* tickmark.storyboard */ = {
			isa = PBXVariantGroup;
			children = (
				4FD0038321B3735F00E321C0 /* Base */,
			);
			name = tickmark.storyboard;
			sourceTree = "<group>";
		};
/* End PBXVariantGroup section */

/* Begin XCBuildConfiguration section */
		4F0AEBF821ACE72200B05CDB /* Debug */ = {
			isa = XCBuildConfiguration;
			buildSettings = {
				ALWAYS_SEARCH_USER_PATHS = NO;
				CLANG_ANALYZER_NONNULL = YES;
				CLANG_ANALYZER_NUMBER_OBJECT_CONVERSION = YES_AGGRESSIVE;
				CLANG_CXX_LANGUAGE_STANDARD = "gnu++14";
				CLANG_CXX_LIBRARY = "libc++";
				CLANG_ENABLE_MODULES = YES;
				CLANG_ENABLE_OBJC_ARC = YES;
				CLANG_ENABLE_OBJC_WEAK = YES;
				CLANG_WARN_BLOCK_CAPTURE_AUTORELEASING = YES;
				CLANG_WARN_BOOL_CONVERSION = YES;
				CLANG_WARN_COMMA = YES;
				CLANG_WARN_CONSTANT_CONVERSION = YES;
				CLANG_WARN_DEPRECATED_OBJC_IMPLEMENTATIONS = YES;
				CLANG_WARN_DIRECT_OBJC_ISA_USAGE = YES_ERROR;
				CLANG_WARN_DOCUMENTATION_COMMENTS = YES;
				CLANG_WARN_EMPTY_BODY = YES;
				CLANG_WARN_ENUM_CONVERSION = YES;
				CLANG_WARN_INFINITE_RECURSION = YES;
				CLANG_WARN_INT_CONVERSION = YES;
				CLANG_WARN_NON_LITERAL_NULL_CONVERSION = YES;
				CLANG_WARN_OBJC_IMPLICIT_RETAIN_SELF = YES;
				CLANG_WARN_OBJC_LITERAL_CONVERSION = YES;
				CLANG_WARN_OBJC_ROOT_CLASS = YES_ERROR;
				CLANG_WARN_RANGE_LOOP_ANALYSIS = YES;
				CLANG_WARN_STRICT_PROTOTYPES = YES;
				CLANG_WARN_SUSPICIOUS_MOVE = YES;
				CLANG_WARN_UNGUARDED_AVAILABILITY = YES_AGGRESSIVE;
				CLANG_WARN_UNREACHABLE_CODE = YES;
				CLANG_WARN__DUPLICATE_METHOD_MATCH = YES;
				CODE_SIGN_IDENTITY = "iPhone Developer";
				COPY_PHASE_STRIP = NO;
				DEBUG_INFORMATION_FORMAT = dwarf;
				ENABLE_STRICT_OBJC_MSGSEND = YES;
				ENABLE_TESTABILITY = YES;
				GCC_C_LANGUAGE_STANDARD = gnu11;
				GCC_DYNAMIC_NO_PIC = NO;
				GCC_NO_COMMON_BLOCKS = YES;
				GCC_OPTIMIZATION_LEVEL = 0;
				GCC_PREPROCESSOR_DEFINITIONS = (
					"DEBUG=1",
					"$(inherited)",
				);
				GCC_WARN_64_TO_32_BIT_CONVERSION = YES;
				GCC_WARN_ABOUT_RETURN_TYPE = YES_ERROR;
				GCC_WARN_UNDECLARED_SELECTOR = YES;
				GCC_WARN_UNINITIALIZED_AUTOS = YES_AGGRESSIVE;
				GCC_WARN_UNUSED_FUNCTION = YES;
				GCC_WARN_UNUSED_VARIABLE = YES;
				IPHONEOS_DEPLOYMENT_TARGET = 12.1;
				MTL_ENABLE_DEBUG_INFO = INCLUDE_SOURCE;
				MTL_FAST_MATH = YES;
				ONLY_ACTIVE_ARCH = YES;
				SDKROOT = iphoneos;
				SWIFT_ACTIVE_COMPILATION_CONDITIONS = DEBUG;
				SWIFT_OPTIMIZATION_LEVEL = "-Onone";
			};
			name = Debug;
		};
		4F0AEBF921ACE72200B05CDB /* Release */ = {
			isa = XCBuildConfiguration;
			buildSettings = {
				ALWAYS_SEARCH_USER_PATHS = NO;
				CLANG_ANALYZER_NONNULL = YES;
				CLANG_ANALYZER_NUMBER_OBJECT_CONVERSION = YES_AGGRESSIVE;
				CLANG_CXX_LANGUAGE_STANDARD = "gnu++14";
				CLANG_CXX_LIBRARY = "libc++";
				CLANG_ENABLE_MODULES = YES;
				CLANG_ENABLE_OBJC_ARC = YES;
				CLANG_ENABLE_OBJC_WEAK = YES;
				CLANG_WARN_BLOCK_CAPTURE_AUTORELEASING = YES;
				CLANG_WARN_BOOL_CONVERSION = YES;
				CLANG_WARN_COMMA = YES;
				CLANG_WARN_CONSTANT_CONVERSION = YES;
				CLANG_WARN_DEPRECATED_OBJC_IMPLEMENTATIONS = YES;
				CLANG_WARN_DIRECT_OBJC_ISA_USAGE = YES_ERROR;
				CLANG_WARN_DOCUMENTATION_COMMENTS = YES;
				CLANG_WARN_EMPTY_BODY = YES;
				CLANG_WARN_ENUM_CONVERSION = YES;
				CLANG_WARN_INFINITE_RECURSION = YES;
				CLANG_WARN_INT_CONVERSION = YES;
				CLANG_WARN_NON_LITERAL_NULL_CONVERSION = YES;
				CLANG_WARN_OBJC_IMPLICIT_RETAIN_SELF = YES;
				CLANG_WARN_OBJC_LITERAL_CONVERSION = YES;
				CLANG_WARN_OBJC_ROOT_CLASS = YES_ERROR;
				CLANG_WARN_RANGE_LOOP_ANALYSIS = YES;
				CLANG_WARN_STRICT_PROTOTYPES = YES;
				CLANG_WARN_SUSPICIOUS_MOVE = YES;
				CLANG_WARN_UNGUARDED_AVAILABILITY = YES_AGGRESSIVE;
				CLANG_WARN_UNREACHABLE_CODE = YES;
				CLANG_WARN__DUPLICATE_METHOD_MATCH = YES;
				CODE_SIGN_IDENTITY = "iPhone Developer";
				COPY_PHASE_STRIP = NO;
				DEBUG_INFORMATION_FORMAT = "dwarf-with-dsym";
				ENABLE_NS_ASSERTIONS = NO;
				ENABLE_STRICT_OBJC_MSGSEND = YES;
				GCC_C_LANGUAGE_STANDARD = gnu11;
				GCC_NO_COMMON_BLOCKS = YES;
				GCC_WARN_64_TO_32_BIT_CONVERSION = YES;
				GCC_WARN_ABOUT_RETURN_TYPE = YES_ERROR;
				GCC_WARN_UNDECLARED_SELECTOR = YES;
				GCC_WARN_UNINITIALIZED_AUTOS = YES_AGGRESSIVE;
				GCC_WARN_UNUSED_FUNCTION = YES;
				GCC_WARN_UNUSED_VARIABLE = YES;
				IPHONEOS_DEPLOYMENT_TARGET = 12.1;
				MTL_ENABLE_DEBUG_INFO = NO;
				MTL_FAST_MATH = YES;
				SDKROOT = iphoneos;
				SWIFT_COMPILATION_MODE = wholemodule;
				SWIFT_OPTIMIZATION_LEVEL = "-O";
				VALIDATE_PRODUCT = YES;
			};
			name = Release;
		};
		4F0AEBFB21ACE72200B05CDB /* Debug */ = {
			isa = XCBuildConfiguration;
			buildSettings = {
				ASSETCATALOG_COMPILER_COMPLICATION_NAME = Complication;
				CODE_SIGN_STYLE = Automatic;
				DEVELOPMENT_TEAM = 4E49FXN2FU;
				INFOPLIST_FILE = "WatchClock3 WatchKit Extension/Info.plist";
				LD_RUNPATH_SEARCH_PATHS = (
					"$(inherited)",
					"@executable_path/Frameworks",
					"@executable_path/../../Frameworks",
				);
				PRODUCT_BUNDLE_IDENTIFIER = com.xwcoco.WatchClock3.watchkitapp.watchkitextension;
				PRODUCT_NAME = "${TARGET_NAME}";
				SDKROOT = watchos;
				SKIP_INSTALL = YES;
				SWIFT_VERSION = 4.2;
				TARGETED_DEVICE_FAMILY = 4;
				WATCHOS_DEPLOYMENT_TARGET = 5.1;
			};
			name = Debug;
		};
		4F0AEBFC21ACE72200B05CDB /* Release */ = {
			isa = XCBuildConfiguration;
			buildSettings = {
				ASSETCATALOG_COMPILER_COMPLICATION_NAME = Complication;
				CODE_SIGN_STYLE = Automatic;
				DEVELOPMENT_TEAM = 4E49FXN2FU;
				INFOPLIST_FILE = "WatchClock3 WatchKit Extension/Info.plist";
				LD_RUNPATH_SEARCH_PATHS = (
					"$(inherited)",
					"@executable_path/Frameworks",
					"@executable_path/../../Frameworks",
				);
				PRODUCT_BUNDLE_IDENTIFIER = com.xwcoco.WatchClock3.watchkitapp.watchkitextension;
				PRODUCT_NAME = "${TARGET_NAME}";
				SDKROOT = watchos;
				SKIP_INSTALL = YES;
				SWIFT_VERSION = 4.2;
				TARGETED_DEVICE_FAMILY = 4;
				WATCHOS_DEPLOYMENT_TARGET = 5.1;
			};
			name = Release;
		};
		4F0AEBFF21ACE72200B05CDB /* Debug */ = {
			isa = XCBuildConfiguration;
			buildSettings = {
				ALWAYS_EMBED_SWIFT_STANDARD_LIBRARIES = YES;
				ASSETCATALOG_COMPILER_APPICON_NAME = AppIcon;
				CODE_SIGN_STYLE = Automatic;
				DEVELOPMENT_TEAM = 4E49FXN2FU;
				IBSC_MODULE = WatchClock3_WatchKit_Extension;
				INFOPLIST_FILE = "WatchClock3 WatchKit App/Info.plist";
				PRODUCT_BUNDLE_IDENTIFIER = com.xwcoco.WatchClock3.watchkitapp;
				PRODUCT_NAME = "$(TARGET_NAME)";
				SDKROOT = watchos;
				SKIP_INSTALL = YES;
				SWIFT_VERSION = 4.2;
				TARGETED_DEVICE_FAMILY = 4;
				WATCHOS_DEPLOYMENT_TARGET = 5.1;
			};
			name = Debug;
		};
		4F0AEC0021ACE72200B05CDB /* Release */ = {
			isa = XCBuildConfiguration;
			buildSettings = {
				ALWAYS_EMBED_SWIFT_STANDARD_LIBRARIES = YES;
				ASSETCATALOG_COMPILER_APPICON_NAME = AppIcon;
				CODE_SIGN_STYLE = Automatic;
				DEVELOPMENT_TEAM = 4E49FXN2FU;
				IBSC_MODULE = WatchClock3_WatchKit_Extension;
				INFOPLIST_FILE = "WatchClock3 WatchKit App/Info.plist";
				PRODUCT_BUNDLE_IDENTIFIER = com.xwcoco.WatchClock3.watchkitapp;
				PRODUCT_NAME = "$(TARGET_NAME)";
				SDKROOT = watchos;
				SKIP_INSTALL = YES;
				SWIFT_VERSION = 4.2;
				TARGETED_DEVICE_FAMILY = 4;
				WATCHOS_DEPLOYMENT_TARGET = 5.1;
			};
			name = Release;
		};
		4F0AEC0321ACE72200B05CDB /* Debug */ = {
			isa = XCBuildConfiguration;
			buildSettings = {
				ASSETCATALOG_COMPILER_APPICON_NAME = AppIcon;
				CODE_SIGN_STYLE = Automatic;
				DEVELOPMENT_TEAM = 4E49FXN2FU;
				INFOPLIST_FILE = WatchClock3/Info.plist;
				LD_RUNPATH_SEARCH_PATHS = (
					"$(inherited)",
					"@executable_path/Frameworks",
				);
				PRODUCT_BUNDLE_IDENTIFIER = com.xwcoco.WatchClock3;
				PRODUCT_NAME = "$(TARGET_NAME)";
				SWIFT_VERSION = 4.2;
				TARGETED_DEVICE_FAMILY = "1,2";
			};
			name = Debug;
		};
		4F0AEC0421ACE72200B05CDB /* Release */ = {
			isa = XCBuildConfiguration;
			buildSettings = {
				ASSETCATALOG_COMPILER_APPICON_NAME = AppIcon;
				CODE_SIGN_STYLE = Automatic;
				DEVELOPMENT_TEAM = 4E49FXN2FU;
				INFOPLIST_FILE = WatchClock3/Info.plist;
				LD_RUNPATH_SEARCH_PATHS = (
					"$(inherited)",
					"@executable_path/Frameworks",
				);
				PRODUCT_BUNDLE_IDENTIFIER = com.xwcoco.WatchClock3;
				PRODUCT_NAME = "$(TARGET_NAME)";
				SWIFT_VERSION = 4.2;
				TARGETED_DEVICE_FAMILY = "1,2";
			};
			name = Release;
		};
/* End XCBuildConfiguration section */

/* Begin XCConfigurationList section */
		4F0AEBC621ACE72000B05CDB /* Build configuration list for PBXProject "WatchClock3" */ = {
			isa = XCConfigurationList;
			buildConfigurations = (
				4F0AEBF821ACE72200B05CDB /* Debug */,
				4F0AEBF921ACE72200B05CDB /* Release */,
			);
			defaultConfigurationIsVisible = 0;
			defaultConfigurationName = Release;
		};
		4F0AEBFA21ACE72200B05CDB /* Build configuration list for PBXNativeTarget "WatchClock3 WatchKit Extension" */ = {
			isa = XCConfigurationList;
			buildConfigurations = (
				4F0AEBFB21ACE72200B05CDB /* Debug */,
				4F0AEBFC21ACE72200B05CDB /* Release */,
			);
			defaultConfigurationIsVisible = 0;
			defaultConfigurationName = Release;
		};
		4F0AEBFE21ACE72200B05CDB /* Build configuration list for PBXNativeTarget "WatchClock3 WatchKit App" */ = {
			isa = XCConfigurationList;
			buildConfigurations = (
				4F0AEBFF21ACE72200B05CDB /* Debug */,
				4F0AEC0021ACE72200B05CDB /* Release */,
			);
			defaultConfigurationIsVisible = 0;
			defaultConfigurationName = Release;
		};
		4F0AEC0221ACE72200B05CDB /* Build configuration list for PBXNativeTarget "WatchClock3" */ = {
			isa = XCConfigurationList;
			buildConfigurations = (
				4F0AEC0321ACE72200B05CDB /* Debug */,
				4F0AEC0421ACE72200B05CDB /* Release */,
			);
			defaultConfigurationIsVisible = 0;
			defaultConfigurationName = Release;
		};
/* End XCConfigurationList section */
	};
	rootObject = 4F0AEBC321ACE72000B05CDB /* Project object */;
}
